// !$*UTF8*$!
{
	archiveVersion = 1;
	classes = {
	};
	objectVersion = 46;
	objects = {

/* Begin PBXBuildFile section */
		88BD3BA71DD81E1B00237271 /* AppDelegate.swift in Sources */ = {isa = PBXBuildFile; fileRef = 88BD3BA61DD81E1B00237271 /* AppDelegate.swift */; };
		88BD3BA91DD81E1B00237271 /* ViewController.swift in Sources */ = {isa = PBXBuildFile; fileRef = 88BD3BA81DD81E1B00237271 /* ViewController.swift */; };
		88BD3BAC1DD81E1B00237271 /* Main.storyboard in Resources */ = {isa = PBXBuildFile; fileRef = 88BD3BAA1DD81E1B00237271 /* Main.storyboard */; };
		88BD3BAE1DD81E1B00237271 /* Assets.xcassets in Resources */ = {isa = PBXBuildFile; fileRef = 88BD3BAD1DD81E1B00237271 /* Assets.xcassets */; };
		88BD3BB11DD81E1B00237271 /* LaunchScreen.storyboard in Resources */ = {isa = PBXBuildFile; fileRef = 88BD3BAF1DD81E1B00237271 /* LaunchScreen.storyboard */; };
		88BD3BBC1DD81E1B00237271 /* snapCollectionsTests.swift in Sources */ = {isa = PBXBuildFile; fileRef = 88BD3BBB1DD81E1B00237271 /* snapCollectionsTests.swift */; };
		88BD3BC71DD81E1B00237271 /* snapCollectionsUITests.swift in Sources */ = {isa = PBXBuildFile; fileRef = 88BD3BC61DD81E1B00237271 /* snapCollectionsUITests.swift */; };
/* End PBXBuildFile section */

/* Begin PBXContainerItemProxy section */
		88BD3BB81DD81E1B00237271 /* PBXContainerItemProxy */ = {
			isa = PBXContainerItemProxy;
			containerPortal = 88BD3B9B1DD81E1A00237271 /* Project object */;
			proxyType = 1;
			remoteGlobalIDString = 88BD3BA21DD81E1A00237271;
			remoteInfo = snapCollections;
		};
		88BD3BC31DD81E1B00237271 /* PBXContainerItemProxy */ = {
			isa = PBXContainerItemProxy;
			containerPortal = 88BD3B9B1DD81E1A00237271 /* Project object */;
			proxyType = 1;
			remoteGlobalIDString = 88BD3BA21DD81E1A00237271;
			remoteInfo = snapCollections;
		};
/* End PBXContainerItemProxy section */

/* Begin PBXFileReference section */
		88BD3BA31DD81E1A00237271 /* snapCollections.app */ = {isa = PBXFileReference; explicitFileType = wrapper.application; includeInIndex = 0; path = snapCollections.app; sourceTree = BUILT_PRODUCTS_DIR; };
		88BD3BA61DD81E1B00237271 /* AppDelegate.swift */ = {isa = PBXFileReference; lastKnownFileType = sourcecode.swift; path = AppDelegate.swift; sourceTree = "<group>"; };
		88BD3BA81DD81E1B00237271 /* ViewController.swift */ = {isa = PBXFileReference; lastKnownFileType = sourcecode.swift; path = ViewController.swift; sourceTree = "<group>"; };
		88BD3BAB1DD81E1B00237271 /* Base */ = {isa = PBXFileReference; lastKnownFileType = file.storyboard; name = Base; path = Base.lproj/Main.storyboard; sourceTree = "<group>"; };
		88BD3BAD1DD81E1B00237271 /* Assets.xcassets */ = {isa = PBXFileReference; lastKnownFileType = folder.assetcatalog; path = Assets.xcassets; sourceTree = "<group>"; };
		88BD3BB01DD81E1B00237271 /* Base */ = {isa = PBXFileReference; lastKnownFileType = file.storyboard; name = Base; path = Base.lproj/LaunchScreen.storyboard; sourceTree = "<group>"; };
		88BD3BB21DD81E1B00237271 /* Info.plist */ = {isa = PBXFileReference; lastKnownFileType = text.plist.xml; path = Info.plist; sourceTree = "<group>"; };
		88BD3BB71DD81E1B00237271 /* snapCollectionsTests.xctest */ = {isa = PBXFileReference; explicitFileType = wrapper.cfbundle; includeInIndex = 0; path = snapCollectionsTests.xctest; sourceTree = BUILT_PRODUCTS_DIR; };
		88BD3BBB1DD81E1B00237271 /* snapCollectionsTests.swift */ = {isa = PBXFileReference; lastKnownFileType = sourcecode.swift; path = snapCollectionsTests.swift; sourceTree = "<group>"; };
		88BD3BBD1DD81E1B00237271 /* Info.plist */ = {isa = PBXFileReference; lastKnownFileType = text.plist.xml; path = Info.plist; sourceTree = "<group>"; };
		88BD3BC21DD81E1B00237271 /* snapCollectionsUITests.xctest */ = {isa = PBXFileReference; explicitFileType = wrapper.cfbundle; includeInIndex = 0; path = snapCollectionsUITests.xctest; sourceTree = BUILT_PRODUCTS_DIR; };
		88BD3BC61DD81E1B00237271 /* snapCollectionsUITests.swift */ = {isa = PBXFileReference; lastKnownFileType = sourcecode.swift; path = snapCollectionsUITests.swift; sourceTree = "<group>"; };
		88BD3BC81DD81E1B00237271 /* Info.plist */ = {isa = PBXFileReference; lastKnownFileType = text.plist.xml; path = Info.plist; sourceTree = "<group>"; };
/* End PBXFileReference section */

/* Begin PBXFrameworksBuildPhase section */
		88BD3BA01DD81E1A00237271 /* Frameworks */ = {
			isa = PBXFrameworksBuildPhase;
			buildActionMask = 2147483647;
			files = (
			);
			runOnlyForDeploymentPostprocessing = 0;
		};
		88BD3BB41DD81E1B00237271 /* Frameworks */ = {
			isa = PBXFrameworksBuildPhase;
			buildActionMask = 2147483647;
			files = (
			);
			runOnlyForDeploymentPostprocessing = 0;
		};
		88BD3BBF1DD81E1B00237271 /* Frameworks */ = {
			isa = PBXFrameworksBuildPhase;
			buildActionMask = 2147483647;
			files = (
			);
			runOnlyForDeploymentPostprocessing = 0;
		};
/* End PBXFrameworksBuildPhase section */

/* Begin PBXGroup section */
		88BD3B9A1DD81E1A00237271 = {
			isa = PBXGroup;
			children = (
				88BD3BA51DD81E1A00237271 /* snapCollections */,
				88BD3BBA1DD81E1B00237271 /* snapCollectionsTests */,
				88BD3BC51DD81E1B00237271 /* snapCollectionsUITests */,
				88BD3BA41DD81E1A00237271 /* Products */,
			);
			sourceTree = "<group>";
		};
		88BD3BA41DD81E1A00237271 /* Products */ = {
			isa = PBXGroup;
			children = (
				88BD3BA31DD81E1A00237271 /* snapCollections.app */,
				88BD3BB71DD81E1B00237271 /* snapCollectionsTests.xctest */,
				88BD3BC21DD81E1B00237271 /* snapCollectionsUITests.xctest */,
			);
			name = Products;
			sourceTree = "<group>";
		};
		88BD3BA51DD81E1A00237271 /* snapCollections */ = {
			isa = PBXGroup;
			children = (
				88BD3BA61DD81E1B00237271 /* AppDelegate.swift */,
				88BD3BA81DD81E1B00237271 /* ViewController.swift */,
				88BD3BAA1DD81E1B00237271 /* Main.storyboard */,
				88BD3BAD1DD81E1B00237271 /* Assets.xcassets */,
				88BD3BAF1DD81E1B00237271 /* LaunchScreen.storyboard */,
				88BD3BB21DD81E1B00237271 /* Info.plist */,
			);
			path = snapCollections;
			sourceTree = "<group>";
		};
		88BD3BBA1DD81E1B00237271 /* snapCollectionsTests */ = {
			isa = PBXGroup;
			children = (
				88BD3BBB1DD81E1B00237271 /* snapCollectionsTests.swift */,
				88BD3BBD1DD81E1B00237271 /* Info.plist */,
			);
			path = snapCollectionsTests;
			sourceTree = "<group>";
		};
		88BD3BC51DD81E1B00237271 /* snapCollectionsUITests */ = {
			isa = PBXGroup;
			children = (
				88BD3BC61DD81E1B00237271 /* snapCollectionsUITests.swift */,
				88BD3BC81DD81E1B00237271 /* Info.plist */,
			);
			path = snapCollectionsUITests;
			sourceTree = "<group>";
		};
/* End PBXGroup section */

/* Begin PBXNativeTarget section */
		88BD3BA21DD81E1A00237271 /* snapCollections */ = {
			isa = PBXNativeTarget;
			buildConfigurationList = 88BD3BCB1DD81E1B00237271 /* Build configuration list for PBXNativeTarget "snapCollections" */;
			buildPhases = (
				88BD3B9F1DD81E1A00237271 /* Sources */,
				88BD3BA01DD81E1A00237271 /* Frameworks */,
				88BD3BA11DD81E1A00237271 /* Resources */,
			);
			buildRules = (
			);
			dependencies = (
			);
			name = snapCollections;
			productName = snapCollections;
			productReference = 88BD3BA31DD81E1A00237271 /* snapCollections.app */;
			productType = "com.apple.product-type.application";
		};
		88BD3BB61DD81E1B00237271 /* snapCollectionsTests */ = {
			isa = PBXNativeTarget;
			buildConfigurationList = 88BD3BCE1DD81E1B00237271 /* Build configuration list for PBXNativeTarget "snapCollectionsTests" */;
			buildPhases = (
				88BD3BB31DD81E1B00237271 /* Sources */,
				88BD3BB41DD81E1B00237271 /* Frameworks */,
				88BD3BB51DD81E1B00237271 /* Resources */,
			);
			buildRules = (
			);
			dependencies = (
				88BD3BB91DD81E1B00237271 /* PBXTargetDependency */,
			);
			name = snapCollectionsTests;
			productName = snapCollectionsTests;
			productReference = 88BD3BB71DD81E1B00237271 /* snapCollectionsTests.xctest */;
			productType = "com.apple.product-type.bundle.unit-test";
		};
		88BD3BC11DD81E1B00237271 /* snapCollectionsUITests */ = {
			isa = PBXNativeTarget;
			buildConfigurationList = 88BD3BD11DD81E1B00237271 /* Build configuration list for PBXNativeTarget "snapCollectionsUITests" */;
			buildPhases = (
				88BD3BBE1DD81E1B00237271 /* Sources */,
				88BD3BBF1DD81E1B00237271 /* Frameworks */,
				88BD3BC01DD81E1B00237271 /* Resources */,
			);
			buildRules = (
			);
			dependencies = (
				88BD3BC41DD81E1B00237271 /* PBXTargetDependency */,
			);
			name = snapCollectionsUITests;
			productName = snapCollectionsUITests;
			productReference = 88BD3BC21DD81E1B00237271 /* snapCollectionsUITests.xctest */;
			productType = "com.apple.product-type.bundle.ui-testing";
		};
/* End PBXNativeTarget section */

/* Begin PBXProject section */
		88BD3B9B1DD81E1A00237271 /* Project object */ = {
			isa = PBXProject;
			attributes = {
				LastSwiftUpdateCheck = 0820;
				LastUpgradeCheck = 0820;
				ORGANIZATIONNAME = "Mateo Acebedo";
				TargetAttributes = {
					88BD3BA21DD81E1A00237271 = {
						CreatedOnToolsVersion = 8.2;
						DevelopmentTeam = CSE66BU4A2;
						ProvisioningStyle = Automatic;
					};
					88BD3BB61DD81E1B00237271 = {
						CreatedOnToolsVersion = 8.2;
						DevelopmentTeam = CSE66BU4A2;
						ProvisioningStyle = Automatic;
						TestTargetID = 88BD3BA21DD81E1A00237271;
					};
					88BD3BC11DD81E1B00237271 = {
						CreatedOnToolsVersion = 8.2;
						DevelopmentTeam = CSE66BU4A2;
						ProvisioningStyle = Automatic;
						TestTargetID = 88BD3BA21DD81E1A00237271;
					};
				};
			};
			buildConfigurationList = 88BD3B9E1DD81E1A00237271 /* Build configuration list for PBXProject "snapCollections" */;
			compatibilityVersion = "Xcode 3.2";
			developmentRegion = English;
			hasScannedForEncodings = 0;
			knownRegions = (
				en,
				Base,
			);
			mainGroup = 88BD3B9A1DD81E1A00237271;
			productRefGroup = 88BD3BA41DD81E1A00237271 /* Products */;
			projectDirPath = "";
			projectRoot = "";
			targets = (
				88BD3BA21DD81E1A00237271 /* snapCollections */,
				88BD3BB61DD81E1B00237271 /* snapCollectionsTests */,
				88BD3BC11DD81E1B00237271 /* snapCollectionsUITests */,
			);
		};
/* End PBXProject section */

/* Begin PBXResourcesBuildPhase section */
		88BD3BA11DD81E1A00237271 /* Resources */ = {
			isa = PBXResourcesBuildPhase;
			buildActionMask = 2147483647;
			files = (
				88BD3BB11DD81E1B00237271 /* LaunchScreen.storyboard in Resources */,
				88BD3BAE1DD81E1B00237271 /* Assets.xcassets in Resources */,
				88BD3BAC1DD81E1B00237271 /* Main.storyboard in Resources */,
			);
			runOnlyForDeploymentPostprocessing = 0;
		};
		88BD3BB51DD81E1B00237271 /* Resources */ = {
			isa = PBXResourcesBuildPhase;
			buildActionMask = 2147483647;
			files = (
			);
			runOnlyForDeploymentPostprocessing = 0;
		};
		88BD3BC01DD81E1B00237271 /* Resources */ = {
			isa = PBXResourcesBuildPhase;
			buildActionMask = 2147483647;
			files = (
			);
			runOnlyForDeploymentPostprocessing = 0;
		};
/* End PBXResourcesBuildPhase section */

/* Begin PBXSourcesBuildPhase section */
		88BD3B9F1DD81E1A00237271 /* Sources */ = {
			isa = PBXSourcesBuildPhase;
			buildActionMask = 2147483647;
			files = (
				88BD3BA91DD81E1B00237271 /* ViewController.swift in Sources */,
				88BD3BA71DD81E1B00237271 /* AppDelegate.swift in Sources */,
			);
			runOnlyForDeploymentPostprocessing = 0;
		};
		88BD3BB31DD81E1B00237271 /* Sources */ = {
			isa = PBXSourcesBuildPhase;
			buildActionMask = 2147483647;
			files = (
				88BD3BBC1DD81E1B00237271 /* snapCollectionsTests.swift in Sources */,
			);
			runOnlyForDeploymentPostprocessing = 0;
		};
		88BD3BBE1DD81E1B00237271 /* Sources */ = {
			isa = PBXSourcesBuildPhase;
			buildActionMask = 2147483647;
			files = (
				88BD3BC71DD81E1B00237271 /* snapCollectionsUITests.swift in Sources */,
			);
			runOnlyForDeploymentPostprocessing = 0;
		};
/* End PBXSourcesBuildPhase section */

/* Begin PBXTargetDependency section */
		88BD3BB91DD81E1B00237271 /* PBXTargetDependency */ = {
			isa = PBXTargetDependency;
			target = 88BD3BA21DD81E1A00237271 /* snapCollections */;
			targetProxy = 88BD3BB81DD81E1B00237271 /* PBXContainerItemProxy */;
		};
		88BD3BC41DD81E1B00237271 /* PBXTargetDependency */ = {
			isa = PBXTargetDependency;
			target = 88BD3BA21DD81E1A00237271 /* snapCollections */;
			targetProxy = 88BD3BC31DD81E1B00237271 /* PBXContainerItemProxy */;
		};
/* End PBXTargetDependency section */

/* Begin PBXVariantGroup section */
		88BD3BAA1DD81E1B00237271 /* Main.storyboard */ = {
			isa = PBXVariantGroup;
			children = (
				88BD3BAB1DD81E1B00237271 /* Base */,
			);
			name = Main.storyboard;
			sourceTree = "<group>";
		};
		88BD3BAF1DD81E1B00237271 /* LaunchScreen.storyboard */ = {
			isa = PBXVariantGroup;
			children = (
				88BD3BB01DD81E1B00237271 /* Base */,
			);
			name = LaunchScreen.storyboard;
			sourceTree = "<group>";
		};
/* End PBXVariantGroup section */

/* Begin XCBuildConfiguration section */
		88BD3BC91DD81E1B00237271 /* Debug */ = {
			isa = XCBuildConfiguration;
			buildSettings = {
				ALWAYS_SEARCH_USER_PATHS = NO;
				CLANG_ANALYZER_NONNULL = YES;
				CLANG_CXX_LANGUAGE_STANDARD = "gnu++0x";
				CLANG_CXX_LIBRARY = "libc++";
				CLANG_ENABLE_MODULES = YES;
				CLANG_ENABLE_OBJC_ARC = YES;
				CLANG_WARN_BOOL_CONVERSION = YES;
				CLANG_WARN_CONSTANT_CONVERSION = YES;
				CLANG_WARN_DIRECT_OBJC_ISA_USAGE = YES_ERROR;
				CLANG_WARN_DOCUMENTATION_COMMENTS = YES;
				CLANG_WARN_EMPTY_BODY = YES;
				CLANG_WARN_ENUM_CONVERSION = YES;
				CLANG_WARN_INFINITE_RECURSION = YES;
				CLANG_WARN_INT_CONVERSION = YES;
				CLANG_WARN_OBJC_ROOT_CLASS = YES_ERROR;
				CLANG_WARN_SUSPICIOUS_MOVE = YES;
				CLANG_WARN_UNREACHABLE_CODE = YES;
				CLANG_WARN__DUPLICATE_METHOD_MATCH = YES;
				"CODE_SIGN_IDENTITY[sdk=iphoneos*]" = "iPhone Developer";
				COPY_PHASE_STRIP = NO;
				DEBUG_INFORMATION_FORMAT = dwarf;
				ENABLE_STRICT_OBJC_MSGSEND = YES;
				ENABLE_TESTABILITY = YES;
				GCC_C_LANGUAGE_STANDARD = gnu99;
				GCC_DYNAMIC_NO_PIC = NO;
				GCC_NO_COMMON_BLOCKS = YES;
				GCC_OPTIMIZATION_LEVEL = 0;
				GCC_PREPROCESSOR_DEFINITIONS = (
					"DEBUG=1",
					"$(inherited)",
				);
				GCC_WARN_64_TO_32_BIT_CONVERSION = YES;
				GCC_WARN_ABOUT_RETURN_TYPE = YES_ERROR;
				GCC_WARN_UNDECLARED_SELECTOR = YES;
				GCC_WARN_UNINITIALIZED_AUTOS = YES_AGGRESSIVE;
				GCC_WARN_UNUSED_FUNCTION = YES;
				GCC_WARN_UNUSED_VARIABLE = YES;
				IPHONEOS_DEPLOYMENT_TARGET = 10.2;
				MTL_ENABLE_DEBUG_INFO = YES;
				ONLY_ACTIVE_ARCH = YES;
				SDKROOT = iphoneos;
				SWIFT_ACTIVE_COMPILATION_CONDITIONS = DEBUG;
				SWIFT_OPTIMIZATION_LEVEL = "-Onone";
				TARGETED_DEVICE_FAMILY = "1,2";
			};
			name = Debug;
		};
		88BD3BCA1DD81E1B00237271 /* Release */ = {
			isa = XCBuildConfiguration;
			buildSettings = {
				ALWAYS_SEARCH_USER_PATHS = NO;
				CLANG_ANALYZER_NONNULL = YES;
				CLANG_CXX_LANGUAGE_STANDARD = "gnu++0x";
				CLANG_CXX_LIBRARY = "libc++";
				CLANG_ENABLE_MODULES = YES;
				CLANG_ENABLE_OBJC_ARC = YES;
				CLANG_WARN_BOOL_CONVERSION = YES;
				CLANG_WARN_CONSTANT_CONVERSION = YES;
				CLANG_WARN_DIRECT_OBJC_ISA_USAGE = YES_ERROR;
				CLANG_WARN_DOCUMENTATION_COMMENTS = YES;
				CLANG_WARN_EMPTY_BODY = YES;
				CLANG_WARN_ENUM_CONVERSION = YES;
				CLANG_WARN_INFINITE_RECURSION = YES;
				CLANG_WARN_INT_CONVERSION = YES;
				CLANG_WARN_OBJC_ROOT_CLASS = YES_ERROR;
				CLANG_WARN_SUSPICIOUS_MOVE = YES;
				CLANG_WARN_UNREACHABLE_CODE = YES;
				CLANG_WARN__DUPLICATE_METHOD_MATCH = YES;
				"CODE_SIGN_IDENTITY[sdk=iphoneos*]" = "iPhone Developer";
				COPY_PHASE_STRIP = NO;
				DEBUG_INFORMATION_FORMAT = "dwarf-with-dsym";
				ENABLE_NS_ASSERTIONS = NO;
				ENABLE_STRICT_OBJC_MSGSEND = YES;
				GCC_C_LANGUAGE_STANDARD = gnu99;
				GCC_NO_COMMON_BLOCKS = YES;
				GCC_WARN_64_TO_32_BIT_CONVERSION = YES;
				GCC_WARN_ABOUT_RETURN_TYPE = YES_ERROR;
				GCC_WARN_UNDECLARED_SELECTOR = YES;
				GCC_WARN_UNINITIALIZED_AUTOS = YES_AGGRESSIVE;
				GCC_WARN_UNUSED_FUNCTION = YES;
				GCC_WARN_UNUSED_VARIABLE = YES;
				IPHONEOS_DEPLOYMENT_TARGET = 10.2;
				MTL_ENABLE_DEBUG_INFO = NO;
				SDKROOT = iphoneos;
				SWIFT_OPTIMIZATION_LEVEL = "-Owholemodule";
				TARGETED_DEVICE_FAMILY = "1,2";
				VALIDATE_PRODUCT = YES;
			};
			name = Release;
		};
		88BD3BCC1DD81E1B00237271 /* Debug */ = {
			isa = XCBuildConfiguration;
			buildSettings = {
				ASSETCATALOG_COMPILER_APPICON_NAME = AppIcon;
				DEVELOPMENT_TEAM = CSE66BU4A2;
				INFOPLIST_FILE = snapCollections/Info.plist;
				LD_RUNPATH_SEARCH_PATHS = "$(inherited) @executable_path/Frameworks";
				PRODUCT_BUNDLE_IDENTIFIER = com.mateoacebedo.snapCollections;
				PRODUCT_NAME = "$(TARGET_NAME)";
				SWIFT_VERSION = 3.0;
			};
			name = Debug;
		};
		88BD3BCD1DD81E1B00237271 /* Release */ = {
			isa = XCBuildConfiguration;
			buildSettings = {
				ASSETCATALOG_COMPILER_APPICON_NAME = AppIcon;
				DEVELOPMENT_TEAM = CSE66BU4A2;
				INFOPLIST_FILE = snapCollections/Info.plist;
				LD_RUNPATH_SEARCH_PATHS = "$(inherited) @executable_path/Frameworks";
				PRODUCT_BUNDLE_IDENTIFIER = com.mateoacebedo.snapCollections;
				PRODUCT_NAME = "$(TARGET_NAME)";
				SWIFT_VERSION = 3.0;
			};
			name = Release;
		};
		88BD3BCF1DD81E1B00237271 /* Debug */ = {
			isa = XCBuildConfiguration;
			buildSettings = {
				ALWAYS_EMBED_SWIFT_STANDARD_LIBRARIES = YES;
				BUNDLE_LOADER = "$(TEST_HOST)";
				DEVELOPMENT_TEAM = CSE66BU4A2;
				INFOPLIST_FILE = snapCollectionsTests/Info.plist;
				LD_RUNPATH_SEARCH_PATHS = "$(inherited) @executable_path/Frameworks @loader_path/Frameworks";
				PRODUCT_BUNDLE_IDENTIFIER = com.mateoacebedo.snapCollectionsTests;
				PRODUCT_NAME = "$(TARGET_NAME)";
				SWIFT_VERSION = 3.0;
				TEST_HOST = "$(BUILT_PRODUCTS_DIR)/snapCollections.app/snapCollections";
			};
			name = Debug;
		};
		88BD3BD01DD81E1B00237271 /* Release */ = {
			isa = XCBuildConfiguration;
			buildSettings = {
				ALWAYS_EMBED_SWIFT_STANDARD_LIBRARIES = YES;
				BUNDLE_LOADER = "$(TEST_HOST)";
				DEVELOPMENT_TEAM = CSE66BU4A2;
				INFOPLIST_FILE = snapCollectionsTests/Info.plist;
				LD_RUNPATH_SEARCH_PATHS = "$(inherited) @executable_path/Frameworks @loader_path/Frameworks";
				PRODUCT_BUNDLE_IDENTIFIER = com.mateoacebedo.snapCollectionsTests;
				PRODUCT_NAME = "$(TARGET_NAME)";
				SWIFT_VERSION = 3.0;
				TEST_HOST = "$(BUILT_PRODUCTS_DIR)/snapCollections.app/snapCollections";
			};
			name = Release;
		};
		88BD3BD21DD81E1B00237271 /* Debug */ = {
			isa = XCBuildConfiguration;
			buildSettings = {
				ALWAYS_EMBED_SWIFT_STANDARD_LIBRARIES = YES;
				DEVELOPMENT_TEAM = CSE66BU4A2;
				INFOPLIST_FILE = snapCollectionsUITests/Info.plist;
				LD_RUNPATH_SEARCH_PATHS = "$(inherited) @executable_path/Frameworks @loader_path/Frameworks";
				PRODUCT_BUNDLE_IDENTIFIER = com.mateoacebedo.snapCollectionsUITests;
				PRODUCT_NAME = "$(TARGET_NAME)";
				SWIFT_VERSION = 3.0;
				TEST_TARGET_NAME = snapCollections;
			};
			name = Debug;
		};
		88BD3BD31DD81E1B00237271 /* Release */ = {
			isa = XCBuildConfiguration;
			buildSettings = {
				ALWAYS_EMBED_SWIFT_STANDARD_LIBRARIES = YES;
				DEVELOPMENT_TEAM = CSE66BU4A2;
				INFOPLIST_FILE = snapCollectionsUITests/Info.plist;
				LD_RUNPATH_SEARCH_PATHS = "$(inherited) @executable_path/Frameworks @loader_path/Frameworks";
				PRODUCT_BUNDLE_IDENTIFIER = com.mateoacebedo.snapCollectionsUITests;
				PRODUCT_NAME = "$(TARGET_NAME)";
				SWIFT_VERSION = 3.0;
				TEST_TARGET_NAME = snapCollections;
			};
			name = Release;
		};
/* End XCBuildConfiguration section */

/* Begin XCConfigurationList section */
		88BD3B9E1DD81E1A00237271 /* Build configuration list for PBXProject "snapCollections" */ = {
			isa = XCConfigurationList;
			buildConfigurations = (
				88BD3BC91DD81E1B00237271 /* Debug */,
				88BD3BCA1DD81E1B00237271 /* Release */,
			);
			defaultConfigurationIsVisible = 0;
			defaultConfigurationName = Release;
		};
		88BD3BCB1DD81E1B00237271 /* Build configuration list for PBXNativeTarget "snapCollections" */ = {
			isa = XCConfigurationList;
			buildConfigurations = (
				88BD3BCC1DD81E1B00237271 /* Debug */,
				88BD3BCD1DD81E1B00237271 /* Release */,
			);
			defaultConfigurationIsVisible = 0;
		};
		88BD3BCE1DD81E1B00237271 /* Build configuration list for PBXNativeTarget "snapCollectionsTests" */ = {
			isa = XCConfigurationList;
			buildConfigurations = (
				88BD3BCF1DD81E1B00237271 /* Debug */,
				88BD3BD01DD81E1B00237271 /* Release */,
			);
			defaultConfigurationIsVisible = 0;
		};
		88BD3BD11DD81E1B00237271 /* Build configuration list for PBXNativeTarget "snapCollectionsUITests" */ = {
			isa = XCConfigurationList;
			buildConfigurations = (
				88BD3BD21DD81E1B00237271 /* Debug */,
				88BD3BD31DD81E1B00237271 /* Release */,
			);
			defaultConfigurationIsVisible = 0;
		};
/* End XCConfigurationList section */
	};
	rootObject = 88BD3B9B1DD81E1A00237271 /* Project object */;
}
